// !$*UTF8*$!
{
	archiveVersion = 1;
	classes = {
	};
	objectVersion = 77;
	objects = {

/* Begin PBXBuildFile section */
		528F8579B0EB6D779831C2E9 /* Pods_ChatAI.framework in Frameworks */ = {isa = PBXBuildFile; fileRef = 3D3D89EB5039FD4A4E09A508 /* Pods_ChatAI.framework */; };
		816A88532D61FEC70097BD34 /* FirebaseCrashlytics in Frameworks */ = {isa = PBXBuildFile; productRef = 816A88522D61FEC70097BD34 /* FirebaseCrashlytics */; };
		816F55882D22E9F60065E7E3 /* FirebaseAnalyticsWithoutAdIdSupport in Frameworks */ = {isa = PBXBuildFile; productRef = 816F55872D22E9F60065E7E3 /* FirebaseAnalyticsWithoutAdIdSupport */; };
		816F558B2D22EA760065E7E3 /* FirebaseVertexAI in Frameworks */ = {isa = PBXBuildFile; productRef = 816F558A2D22EA760065E7E3 /* FirebaseVertexAI */; };
		81DB804B2D4FBB50000F3980 /* FirebaseMessaging in Frameworks */ = {isa = PBXBuildFile; productRef = 81DB804A2D4FBB50000F3980 /* FirebaseMessaging */; };
		81F433152D36925D000A3631 /* RevenueCat in Frameworks */ = {isa = PBXBuildFile; productRef = 81F433142D36925D000A3631 /* RevenueCat */; };
		81F433172D36925D000A3631 /* RevenueCatUI in Frameworks */ = {isa = PBXBuildFile; productRef = 81F433162D36925D000A3631 /* RevenueCatUI */; };
		81F433192D36927D000A3631 /* StoreKit.framework in Frameworks */ = {isa = PBXBuildFile; fileRef = 81F433182D36927D000A3631 /* StoreKit.framework */; };
		81F4331C2D369384000A3631 /* SuperwallKit in Frameworks */ = {isa = PBXBuildFile; productRef = 81F4331B2D369384000A3631 /* SuperwallKit */; };
		81F433202D3699F0000A3631 /* FirebaseAnalytics in Frameworks */ = {isa = PBXBuildFile; productRef = 81F4331F2D3699F0000A3631 /* FirebaseAnalytics */; };
/* End PBXBuildFile section */

/* Begin PBXFileReference section */
		2BEE131F81AE2B583AA193F7 /* Pods-ChatAI.debug.xcconfig */ = {isa = PBXFileReference; includeInIndex = 1; lastKnownFileType = text.xcconfig; name = "Pods-ChatAI.debug.xcconfig"; path = "Target Support Files/Pods-ChatAI/Pods-ChatAI.debug.xcconfig"; sourceTree = "<group>"; };
		3D3D89EB5039FD4A4E09A508 /* Pods_ChatAI.framework */ = {isa = PBXFileReference; explicitFileType = wrapper.framework; includeInIndex = 0; path = Pods_ChatAI.framework; sourceTree = BUILT_PRODUCTS_DIR; };
		813E198C2D1D580700441006 /* ChatAI.app */ = {isa = PBXFileReference; explicitFileType = wrapper.application; includeInIndex = 0; path = ChatAI.app; sourceTree = BUILT_PRODUCTS_DIR; };
		81F433182D36927D000A3631 /* StoreKit.framework */ = {isa = PBXFileReference; lastKnownFileType = wrapper.framework; name = StoreKit.framework; path = System/Library/Frameworks/StoreKit.framework; sourceTree = SDKROOT; };
		D87C70C06F5D055648AFAC0C /* Pods-ChatAI.release.xcconfig */ = {isa = PBXFileReference; includeInIndex = 1; lastKnownFileType = text.xcconfig; name = "Pods-ChatAI.release.xcconfig"; path = "Target Support Files/Pods-ChatAI/Pods-ChatAI.release.xcconfig"; sourceTree = "<group>"; };
/* End PBXFileReference section */

/* Begin PBXFileSystemSynchronizedBuildFileExceptionSet section */
		81C0869D2D301A830044610B /* Exceptions for "ChatAI" folder in "ChatAI" target */ = {
			isa = PBXFileSystemSynchronizedBuildFileExceptionSet;
			membershipExceptions = (
				Info.plist,
			);
			target = 813E198B2D1D580700441006 /* ChatAI */;
		};
/* End PBXFileSystemSynchronizedBuildFileExceptionSet section */

/* Begin PBXFileSystemSynchronizedRootGroup section */
		813E198E2D1D580700441006 /* ChatAI */ = {
			isa = PBXFileSystemSynchronizedRootGroup;
			exceptions = (
				81C0869D2D301A830044610B /* Exceptions for "ChatAI" folder in "ChatAI" target */,
			);
			path = ChatAI;
			sourceTree = "<group>";
		};
/* End PBXFileSystemSynchronizedRootGroup section */

/* Begin PBXFrameworksBuildPhase section */
		813E19892D1D580700441006 /* Frameworks */ = {
			isa = PBXFrameworksBuildPhase;
			buildActionMask = 2147483647;
			files = (
				81DB804B2D4FBB50000F3980 /* FirebaseMessaging in Frameworks */,
				81F433202D3699F0000A3631 /* FirebaseAnalytics in Frameworks */,
				81F433172D36925D000A3631 /* RevenueCatUI in Frameworks */,
				816F55882D22E9F60065E7E3 /* FirebaseAnalyticsWithoutAdIdSupport in Frameworks */,
				81F433192D36927D000A3631 /* StoreKit.framework in Frameworks */,
				816F558B2D22EA760065E7E3 /* FirebaseVertexAI in Frameworks */,
				81F433152D36925D000A3631 /* RevenueCat in Frameworks */,
				816A88532D61FEC70097BD34 /* FirebaseCrashlytics in Frameworks */,
				81F4331C2D369384000A3631 /* SuperwallKit in Frameworks */,
				528F8579B0EB6D779831C2E9 /* Pods_ChatAI.framework in Frameworks */,
			);
			runOnlyForDeploymentPostprocessing = 0;
		};
/* End PBXFrameworksBuildPhase section */

/* Begin PBXGroup section */
		475BA5D4C1E4AF9C8FE21824 /* Pods */ = {
			isa = PBXGroup;
			children = (
				2BEE131F81AE2B583AA193F7 /* Pods-ChatAI.debug.xcconfig */,
				D87C70C06F5D055648AFAC0C /* Pods-ChatAI.release.xcconfig */,
			);
			path = Pods;
			sourceTree = "<group>";
		};
		813E19832D1D580700441006 = {
			isa = PBXGroup;
			children = (
				813E198E2D1D580700441006 /* ChatAI */,
				816F55892D22EA760065E7E3 /* Frameworks */,
				813E198D2D1D580700441006 /* Products */,
				475BA5D4C1E4AF9C8FE21824 /* Pods */,
			);
			sourceTree = "<group>";
		};
		813E198D2D1D580700441006 /* Products */ = {
			isa = PBXGroup;
			children = (
				813E198C2D1D580700441006 /* ChatAI.app */,
			);
			name = Products;
			sourceTree = "<group>";
		};
		816F55892D22EA760065E7E3 /* Frameworks */ = {
			isa = PBXGroup;
			children = (
				81F433182D36927D000A3631 /* StoreKit.framework */,
				3D3D89EB5039FD4A4E09A508 /* Pods_ChatAI.framework */,
			);
			name = Frameworks;
			sourceTree = "<group>";
		};
/* End PBXGroup section */

/* Begin PBXNativeTarget section */
		813E198B2D1D580700441006 /* ChatAI */ = {
			isa = PBXNativeTarget;
			buildConfigurationList = 813E199A2D1D580800441006 /* Build configuration list for PBXNativeTarget "ChatAI" */;
			buildPhases = (
				5C351597E7E09C482D6DF093 /* [CP] Check Pods Manifest.lock */,
				813E19882D1D580700441006 /* Sources */,
				813E19892D1D580700441006 /* Frameworks */,
				813E198A2D1D580700441006 /* Resources */,
				81E3081D2D6200C0004BD135 /* ShellScript */,
			);
			buildRules = (
			);
			dependencies = (
			);
			fileSystemSynchronizedGroups = (
				813E198E2D1D580700441006 /* ChatAI */,
			);
			name = ChatAI;
			productName = ChatAI;
			productReference = 813E198C2D1D580700441006 /* ChatAI.app */;
			productType = "com.apple.product-type.application";
		};
/* End PBXNativeTarget section */

/* Begin PBXProject section */
		813E19842D1D580700441006 /* Project object */ = {
			isa = PBXProject;
			attributes = {
				BuildIndependentTargetsInParallel = 1;
				LastSwiftUpdateCheck = 1620;
				LastUpgradeCheck = 1620;
				TargetAttributes = {
					813E198B2D1D580700441006 = {
						CreatedOnToolsVersion = 16.2;
					};
				};
			};
			buildConfigurationList = 813E19872D1D580700441006 /* Build configuration list for PBXProject "ChatAI" */;
			developmentRegion = en;
			hasScannedForEncodings = 0;
			knownRegions = (
				en,
				Base,
			);
			mainGroup = 813E19832D1D580700441006;
			minimizedProjectReferenceProxies = 1;
			packageReferences = (
				816F55862D22E9F60065E7E3 /* XCRemoteSwiftPackageReference "firebase-ios-sdk" */,
				81F433132D36925D000A3631 /* XCRemoteSwiftPackageReference "purchases-ios-spm" */,
				81F4331A2D369384000A3631 /* XCRemoteSwiftPackageReference "Superwall-iOS" */,
			);
			preferredProjectObjectVersion = 77;
			productRefGroup = 813E198D2D1D580700441006 /* Products */;
			projectDirPath = "";
			projectRoot = "";
			targets = (
				813E198B2D1D580700441006 /* ChatAI */,
			);
		};
/* End PBXProject section */

/* Begin PBXResourcesBuildPhase section */
		813E198A2D1D580700441006 /* Resources */ = {
			isa = PBXResourcesBuildPhase;
			buildActionMask = 2147483647;
			files = (
			);
			runOnlyForDeploymentPostprocessing = 0;
		};
/* End PBXResourcesBuildPhase section */

/* Begin PBXShellScriptBuildPhase section */
		5C351597E7E09C482D6DF093 /* [CP] Check Pods Manifest.lock */ = {
			isa = PBXShellScriptBuildPhase;
			buildActionMask = 2147483647;
			files = (
			);
			inputFileListPaths = (
			);
			inputPaths = (
				"${PODS_PODFILE_DIR_PATH}/Podfile.lock",
				"${PODS_ROOT}/Manifest.lock",
			);
			name = "[CP] Check Pods Manifest.lock";
			outputFileListPaths = (
			);
			outputPaths = (
				"$(DERIVED_FILE_DIR)/Pods-ChatAI-checkManifestLockResult.txt",
			);
			runOnlyForDeploymentPostprocessing = 0;
			shellPath = /bin/sh;
			shellScript = "diff \"${PODS_PODFILE_DIR_PATH}/Podfile.lock\" \"${PODS_ROOT}/Manifest.lock\" > /dev/null\nif [ $? != 0 ] ; then\n    # print error to STDERR\n    echo \"error: The sandbox is not in sync with the Podfile.lock. Run 'pod install' or update your CocoaPods installation.\" >&2\n    exit 1\nfi\n# This output is used by Xcode 'outputs' to avoid re-running this script phase.\necho \"SUCCESS\" > \"${SCRIPT_OUTPUT_FILE_0}\"\n";
			showEnvVarsInLog = 0;
		};
		81E3081D2D6200C0004BD135 /* ShellScript */ = {
			isa = PBXShellScriptBuildPhase;
			buildActionMask = 2147483647;
			files = (
			);
			inputFileListPaths = (
			);
			inputPaths = (
				"${DWARF_DSYM_FOLDER_PATH}/${DWARF_DSYM_FILE_NAME}",
				"${DWARF_DSYM_FOLDER_PATH}/${DWARF_DSYM_FILE_NAME}/Contents/Resources/DWARF/${PRODUCT_NAME}",
				"${DWARF_DSYM_FOLDER_PATH}/${DWARF_DSYM_FILE_NAME}/Contents/Info.plist",
				"$(TARGET_BUILD_DIR)/$(UNLOCALIZED_RESOURCES_FOLDER_PATH)/GoogleService-Info.plist",
				"$(TARGET_BUILD_DIR)/$(EXECUTABLE_PATH)",
			);
			outputFileListPaths = (
			);
			outputPaths = (
			);
			runOnlyForDeploymentPostprocessing = 0;
			shellPath = /bin/sh;
			shellScript = "# Type a script or drag a script file from your workspace to insert its path.\n\"${BUILD_DIR%/Build/*}/SourcePackages/checkouts/firebase-ios-sdk/Crashlytics/run\"\n";
		};
/* End PBXShellScriptBuildPhase section */

/* Begin PBXSourcesBuildPhase section */
		813E19882D1D580700441006 /* Sources */ = {
			isa = PBXSourcesBuildPhase;
			buildActionMask = 2147483647;
			files = (
			);
			runOnlyForDeploymentPostprocessing = 0;
		};
/* End PBXSourcesBuildPhase section */

/* Begin XCBuildConfiguration section */
		813E19982D1D580800441006 /* Debug */ = {
			isa = XCBuildConfiguration;
			buildSettings = {
				ALWAYS_SEARCH_USER_PATHS = NO;
				ASSETCATALOG_COMPILER_GENERATE_SWIFT_ASSET_SYMBOL_EXTENSIONS = YES;
				CLANG_ANALYZER_NONNULL = YES;
				CLANG_ANALYZER_NUMBER_OBJECT_CONVERSION = YES_AGGRESSIVE;
				CLANG_CXX_LANGUAGE_STANDARD = "gnu++20";
				CLANG_ENABLE_MODULES = YES;
				CLANG_ENABLE_OBJC_ARC = YES;
				CLANG_ENABLE_OBJC_WEAK = YES;
				CLANG_WARN_BLOCK_CAPTURE_AUTORELEASING = YES;
				CLANG_WARN_BOOL_CONVERSION = YES;
				CLANG_WARN_COMMA = YES;
				CLANG_WARN_CONSTANT_CONVERSION = YES;
				CLANG_WARN_DEPRECATED_OBJC_IMPLEMENTATIONS = YES;
				CLANG_WARN_DIRECT_OBJC_ISA_USAGE = YES_ERROR;
				CLANG_WARN_DOCUMENTATION_COMMENTS = YES;
				CLANG_WARN_EMPTY_BODY = YES;
				CLANG_WARN_ENUM_CONVERSION = YES;
				CLANG_WARN_INFINITE_RECURSION = YES;
				CLANG_WARN_INT_CONVERSION = YES;
				CLANG_WARN_NON_LITERAL_NULL_CONVERSION = YES;
				CLANG_WARN_OBJC_IMPLICIT_RETAIN_SELF = YES;
				CLANG_WARN_OBJC_LITERAL_CONVERSION = YES;
				CLANG_WARN_OBJC_ROOT_CLASS = YES_ERROR;
				CLANG_WARN_QUOTED_INCLUDE_IN_FRAMEWORK_HEADER = YES;
				CLANG_WARN_RANGE_LOOP_ANALYSIS = YES;
				CLANG_WARN_STRICT_PROTOTYPES = YES;
				CLANG_WARN_SUSPICIOUS_MOVE = YES;
				CLANG_WARN_UNGUARDED_AVAILABILITY = YES_AGGRESSIVE;
				CLANG_WARN_UNREACHABLE_CODE = YES;
				CLANG_WARN__DUPLICATE_METHOD_MATCH = YES;
				COPY_PHASE_STRIP = NO;
				DEBUG_INFORMATION_FORMAT = dwarf;
				ENABLE_STRICT_OBJC_MSGSEND = YES;
				ENABLE_TESTABILITY = YES;
				ENABLE_USER_SCRIPT_SANDBOXING = YES;
				GCC_C_LANGUAGE_STANDARD = gnu17;
				GCC_DYNAMIC_NO_PIC = NO;
				GCC_NO_COMMON_BLOCKS = YES;
				GCC_OPTIMIZATION_LEVEL = 0;
				GCC_PREPROCESSOR_DEFINITIONS = (
					"DEBUG=1",
					"$(inherited)",
				);
				GCC_WARN_64_TO_32_BIT_CONVERSION = YES;
				GCC_WARN_ABOUT_RETURN_TYPE = YES_ERROR;
				GCC_WARN_UNDECLARED_SELECTOR = YES;
				GCC_WARN_UNINITIALIZED_AUTOS = YES_AGGRESSIVE;
				GCC_WARN_UNUSED_FUNCTION = YES;
				GCC_WARN_UNUSED_VARIABLE = YES;
				IPHONEOS_DEPLOYMENT_TARGET = 18.2;
				LOCALIZATION_PREFERS_STRING_CATALOGS = YES;
				MTL_ENABLE_DEBUG_INFO = INCLUDE_SOURCE;
				MTL_FAST_MATH = YES;
				ONLY_ACTIVE_ARCH = YES;
				SDKROOT = iphoneos;
				SWIFT_ACTIVE_COMPILATION_CONDITIONS = "DEBUG $(inherited)";
				SWIFT_OPTIMIZATION_LEVEL = "-Onone";
			};
			name = Debug;
		};
		813E19992D1D580800441006 /* Release */ = {
			isa = XCBuildConfiguration;
			buildSettings = {
				ALWAYS_SEARCH_USER_PATHS = NO;
				ASSETCATALOG_COMPILER_GENERATE_SWIFT_ASSET_SYMBOL_EXTENSIONS = YES;
				CLANG_ANALYZER_NONNULL = YES;
				CLANG_ANALYZER_NUMBER_OBJECT_CONVERSION = YES_AGGRESSIVE;
				CLANG_CXX_LANGUAGE_STANDARD = "gnu++20";
				CLANG_ENABLE_MODULES = YES;
				CLANG_ENABLE_OBJC_ARC = YES;
				CLANG_ENABLE_OBJC_WEAK = YES;
				CLANG_WARN_BLOCK_CAPTURE_AUTORELEASING = YES;
				CLANG_WARN_BOOL_CONVERSION = YES;
				CLANG_WARN_COMMA = YES;
				CLANG_WARN_CONSTANT_CONVERSION = YES;
				CLANG_WARN_DEPRECATED_OBJC_IMPLEMENTATIONS = YES;
				CLANG_WARN_DIRECT_OBJC_ISA_USAGE = YES_ERROR;
				CLANG_WARN_DOCUMENTATION_COMMENTS = YES;
				CLANG_WARN_EMPTY_BODY = YES;
				CLANG_WARN_ENUM_CONVERSION = YES;
				CLANG_WARN_INFINITE_RECURSION = YES;
				CLANG_WARN_INT_CONVERSION = YES;
				CLANG_WARN_NON_LITERAL_NULL_CONVERSION = YES;
				CLANG_WARN_OBJC_IMPLICIT_RETAIN_SELF = YES;
				CLANG_WARN_OBJC_LITERAL_CONVERSION = YES;
				CLANG_WARN_OBJC_ROOT_CLASS = YES_ERROR;
				CLANG_WARN_QUOTED_INCLUDE_IN_FRAMEWORK_HEADER = YES;
				CLANG_WARN_RANGE_LOOP_ANALYSIS = YES;
				CLANG_WARN_STRICT_PROTOTYPES = YES;
				CLANG_WARN_SUSPICIOUS_MOVE = YES;
				CLANG_WARN_UNGUARDED_AVAILABILITY = YES_AGGRESSIVE;
				CLANG_WARN_UNREACHABLE_CODE = YES;
				CLANG_WARN__DUPLICATE_METHOD_MATCH = YES;
				COPY_PHASE_STRIP = NO;
				DEBUG_INFORMATION_FORMAT = "dwarf-with-dsym";
				ENABLE_NS_ASSERTIONS = NO;
				ENABLE_STRICT_OBJC_MSGSEND = YES;
				ENABLE_USER_SCRIPT_SANDBOXING = YES;
				GCC_C_LANGUAGE_STANDARD = gnu17;
				GCC_NO_COMMON_BLOCKS = YES;
				GCC_WARN_64_TO_32_BIT_CONVERSION = YES;
				GCC_WARN_ABOUT_RETURN_TYPE = YES_ERROR;
				GCC_WARN_UNDECLARED_SELECTOR = YES;
				GCC_WARN_UNINITIALIZED_AUTOS = YES_AGGRESSIVE;
				GCC_WARN_UNUSED_FUNCTION = YES;
				GCC_WARN_UNUSED_VARIABLE = YES;
				IPHONEOS_DEPLOYMENT_TARGET = 18.2;
				LOCALIZATION_PREFERS_STRING_CATALOGS = YES;
				MTL_ENABLE_DEBUG_INFO = NO;
				MTL_FAST_MATH = YES;
				SDKROOT = iphoneos;
				SWIFT_COMPILATION_MODE = wholemodule;
				VALIDATE_PRODUCT = YES;
			};
			name = Release;
		};
		813E199B2D1D580800441006 /* Debug */ = {
			isa = XCBuildConfiguration;
			baseConfigurationReference = 2BEE131F81AE2B583AA193F7 /* Pods-ChatAI.debug.xcconfig */;
			buildSettings = {
				ASSETCATALOG_COMPILER_ALTERNATE_APPICON_NAMES = "AppIcon-Light AppIcon-Dark";
				ASSETCATALOG_COMPILER_APPICON_NAME = AppIcon;
				ASSETCATALOG_COMPILER_GLOBAL_ACCENT_COLOR_NAME = AccentColor;
				ASSETCATALOG_COMPILER_INCLUDE_ALL_APPICON_ASSETS = YES;
				CODE_SIGN_ENTITLEMENTS = ChatAI/ChatAI.entitlements;
				CODE_SIGN_STYLE = Automatic;
				CURRENT_PROJECT_VERSION = 30;
				DEBUG_INFORMATION_FORMAT = "dwarf-with-dsym";
				DEVELOPMENT_ASSET_PATHS = "\"ChatAI/Preview Content\"";
				DEVELOPMENT_TEAM = VGKDATW82L;
				ENABLE_PREVIEWS = YES;
				GENERATE_INFOPLIST_FILE = YES;
				INFOPLIST_FILE = ChatAI/Info.plist;
				INFOPLIST_KEY_CFBundleDisplayName = Gr.AI;
				INFOPLIST_KEY_LSApplicationCategoryType = "public.app-category.productivity";
				INFOPLIST_KEY_NSCameraUsageDescription = "We need access to your camera to allow you to take photos for ai chat.";
				INFOPLIST_KEY_NSPhotoLibraryUsageDescription = "We need access to save images to your photo library.";
				INFOPLIST_KEY_UIApplicationSceneManifest_Generation = YES;
				INFOPLIST_KEY_UIApplicationSupportsIndirectInputEvents = YES;
				INFOPLIST_KEY_UISupportedInterfaceOrientations = "UIInterfaceOrientationPortrait UIInterfaceOrientationPortraitUpsideDown";
				INFOPLIST_KEY_UISupportedInterfaceOrientations_iPad = "UIInterfaceOrientationLandscapeLeft UIInterfaceOrientationLandscapeRight UIInterfaceOrientationPortrait UIInterfaceOrientationPortraitUpsideDown";
				IPHONEOS_DEPLOYMENT_TARGET = 16.0;
				LD_RUNPATH_SEARCH_PATHS = (
					"$(inherited)",
					"@executable_path/Frameworks",
				);
				MARKETING_VERSION = 1.0.29;
				OTHER_LDFLAGS = "-ObjC";
				PRODUCT_BUNDLE_IDENTIFIER = com.codbun.chat.ai;
				PRODUCT_NAME = "$(TARGET_NAME)";
				SUPPORTED_PLATFORMS = "iphoneos iphonesimulator";
				SUPPORTS_MACCATALYST = NO;
				SWIFT_EMIT_LOC_STRINGS = YES;
				SWIFT_VERSION = 5.0;
				TARGETED_DEVICE_FAMILY = 1;
			};
			name = Debug;
		};
		813E199C2D1D580800441006 /* Release */ = {
			isa = XCBuildConfiguration;
			baseConfigurationReference = D87C70C06F5D055648AFAC0C /* Pods-ChatAI.release.xcconfig */;
			buildSettings = {
				ASSETCATALOG_COMPILER_ALTERNATE_APPICON_NAMES = "AppIcon-Light AppIcon-Dark";
				ASSETCATALOG_COMPILER_APPICON_NAME = AppIcon;
				ASSETCATALOG_COMPILER_GLOBAL_ACCENT_COLOR_NAME = AccentColor;
				ASSETCATALOG_COMPILER_INCLUDE_ALL_APPICON_ASSETS = YES;
				CODE_SIGN_ENTITLEMENTS = ChatAI/ChatAI.entitlements;
				CODE_SIGN_STYLE = Automatic;
				CURRENT_PROJECT_VERSION = 30;
				DEBUG_INFORMATION_FORMAT = "dwarf-with-dsym";
				DEVELOPMENT_ASSET_PATHS = "\"ChatAI/Preview Content\"";
				DEVELOPMENT_TEAM = VGKDATW82L;
				ENABLE_PREVIEWS = YES;
				GENERATE_INFOPLIST_FILE = YES;
				INFOPLIST_FILE = ChatAI/Info.plist;
				INFOPLIST_KEY_CFBundleDisplayName = Gr.AI;
				INFOPLIST_KEY_LSApplicationCategoryType = "public.app-category.productivity";
				INFOPLIST_KEY_NSCameraUsageDescription = "We need access to your camera to allow you to take photos for ai chat.";
				INFOPLIST_KEY_NSPhotoLibraryUsageDescription = "We need access to save images to your photo library.";
				INFOPLIST_KEY_UIApplicationSceneManifest_Generation = YES;
				INFOPLIST_KEY_UIApplicationSupportsIndirectInputEvents = YES;
				INFOPLIST_KEY_UISupportedInterfaceOrientations = "UIInterfaceOrientationPortrait UIInterfaceOrientationPortraitUpsideDown";
				INFOPLIST_KEY_UISupportedInterfaceOrientations_iPad = "UIInterfaceOrientationLandscapeLeft UIInterfaceOrientationLandscapeRight UIInterfaceOrientationPortrait UIInterfaceOrientationPortraitUpsideDown";
				IPHONEOS_DEPLOYMENT_TARGET = 16.0;
				LD_RUNPATH_SEARCH_PATHS = (
					"$(inherited)",
					"@executable_path/Frameworks",
				);
				MARKETING_VERSION = 1.0.29;
				OTHER_LDFLAGS = "-ObjC";
				PRODUCT_BUNDLE_IDENTIFIER = com.codbun.chat.ai;
				PRODUCT_NAME = "$(TARGET_NAME)";
				SUPPORTED_PLATFORMS = "iphoneos iphonesimulator";
				SUPPORTS_MACCATALYST = NO;
				SWIFT_EMIT_LOC_STRINGS = YES;
				SWIFT_VERSION = 5.0;
				TARGETED_DEVICE_FAMILY = 1;
			};
			name = Release;
		};
/* End XCBuildConfiguration section */

/* Begin XCConfigurationList section */
		813E19872D1D580700441006 /* Build configuration list for PBXProject "ChatAI" */ = {
			isa = XCConfigurationList;
			buildConfigurations = (
				813E19982D1D580800441006 /* Debug */,
				813E19992D1D580800441006 /* Release */,
			);
			defaultConfigurationIsVisible = 0;
			defaultConfigurationName = Release;
		};
		813E199A2D1D580800441006 /* Build configuration list for PBXNativeTarget "ChatAI" */ = {
			isa = XCConfigurationList;
			buildConfigurations = (
				813E199B2D1D580800441006 /* Debug */,
				813E199C2D1D580800441006 /* Release */,
			);
			defaultConfigurationIsVisible = 0;
			defaultConfigurationName = Release;
		};
/* End XCConfigurationList section */

/* Begin XCRemoteSwiftPackageReference section */
		816F55862D22E9F60065E7E3 /* XCRemoteSwiftPackageReference "firebase-ios-sdk" */ = {
			isa = XCRemoteSwiftPackageReference;
			repositoryURL = "https://github.com/firebase/firebase-ios-sdk";
			requirement = {
				kind = upToNextMajorVersion;
				minimumVersion = 11.6.0;
			};
		};
		81F433132D36925D000A3631 /* XCRemoteSwiftPackageReference "purchases-ios-spm" */ = {
			isa = XCRemoteSwiftPackageReference;
			repositoryURL = "https://github.com/RevenueCat/purchases-ios-spm.git";
			requirement = {
				kind = upToNextMajorVersion;
				minimumVersion = 5.14.5;
			};
		};
		81F4331A2D369384000A3631 /* XCRemoteSwiftPackageReference "Superwall-iOS" */ = {
			isa = XCRemoteSwiftPackageReference;
			repositoryURL = "https://github.com/superwall/Superwall-iOS";
			requirement = {
				kind = upToNextMajorVersion;
				minimumVersion = 3.12.2;
			};
		};
/* End XCRemoteSwiftPackageReference section */

/* Begin XCSwiftPackageProductDependency section */
		816A88522D61FEC70097BD34 /* FirebaseCrashlytics */ = {
			isa = XCSwiftPackageProductDependency;
			package = 816F55862D22E9F60065E7E3 /* XCRemoteSwiftPackageReference "firebase-ios-sdk" */;
			productName = FirebaseCrashlytics;
		};
		816F55872D22E9F60065E7E3 /* FirebaseAnalyticsWithoutAdIdSupport */ = {
			isa = XCSwiftPackageProductDependency;
			package = 816F55862D22E9F60065E7E3 /* XCRemoteSwiftPackageReference "firebase-ios-sdk" */;
			productName = FirebaseAnalyticsWithoutAdIdSupport;
		};
		816F558A2D22EA760065E7E3 /* FirebaseVertexAI */ = {
			isa = XCSwiftPackageProductDependency;
			package = 816F55862D22E9F60065E7E3 /* XCRemoteSwiftPackageReference "firebase-ios-sdk" */;
			productName = FirebaseVertexAI;
		};
		81DB804A2D4FBB50000F3980 /* FirebaseMessaging */ = {
			isa = XCSwiftPackageProductDependency;
			package = 816F55862D22E9F60065E7E3 /* XCRemoteSwiftPackageReference "firebase-ios-sdk" */;
			productName = FirebaseMessaging;
		};
		81F433142D36925D000A3631 /* RevenueCat */ = {
			isa = XCSwiftPackageProductDependency;
			package = 81F433132D36925D000A3631 /* XCRemoteSwiftPackageReference "purchases-ios-spm" */;
			productName = RevenueCat;
		};
		81F433162D36925D000A3631 /* RevenueCatUI */ = {
			isa = XCSwiftPackageProductDependency;
			package = 81F433132D36925D000A3631 /* XCRemoteSwiftPackageReference "purchases-ios-spm" */;
			productName = RevenueCatUI;
		};
		81F4331B2D369384000A3631 /* SuperwallKit */ = {
			isa = XCSwiftPackageProductDependency;
			package = 81F4331A2D369384000A3631 /* XCRemoteSwiftPackageReference "Superwall-iOS" */;
			productName = SuperwallKit;
		};
		81F4331F2D3699F0000A3631 /* FirebaseAnalytics */ = {
			isa = XCSwiftPackageProductDependency;
			package = 816F55862D22E9F60065E7E3 /* XCRemoteSwiftPackageReference "firebase-ios-sdk" */;
			productName = FirebaseAnalytics;
		};
/* End XCSwiftPackageProductDependency section */
	};
	rootObject = 813E19842D1D580700441006 /* Project object */;
}
